# THIS IS AN AUTOGENERATED FILE. DO NOT EDIT THIS FILE DIRECTLY.
# yarn lockfile v1


react-native-fast-image@^8.3.4:
  version "8.3.4"
  resolved "https://registry.yarnpkg.com/react-native-fast-image/-/react-native-fast-image-8.3.4.tgz#79edca177e30311b19d59ff335625bcbe22650d7"
  integrity sha512-LpzAdjUphihUpVEBn5fEv5AILe55rHav0YiZroPZ1rumKDhAl4u2cG01ku2Pb7l8sayjTsNu7FuURAlXUUDsow==
