# THIS IS AN AUTOGENERATED FILE. DO NOT EDIT THIS FILE DIRECTLY.
# yarn lockfile v1


"@react-native-masked-view/masked-view@^0.2.4":
  version "0.2.4"
  resolved "https://registry.yarnpkg.com/@react-native-masked-view/masked-view/-/masked-view-0.2.4.tgz#305a548abd47dee494a38f90016432d3a6e4164c"
  integrity sha512-2Y9OXWHRutYmdyW+bNMaFTW8uTBpaaK20xdIFoVtqahEOO9++B+ut3CAWKPZcdRtb9ikG0LUKChGqMeocg0PGA==

react-native-skeleton-placeholder@^4.0.0:
  version "4.0.0"
  resolved "https://registry.yarnpkg.com/react-native-skeleton-placeholder/-/react-native-skeleton-placeholder-4.0.0.tgz#8c982cd9e00ffc69d5193da94945b75191eaa7c4"
  integrity sha512-nX0NM6GhurCIgz8Yf+H9VYIaxSF2mbtdozLgaJNh/8QIH9mi+aJ2G9BVHSpjQ0o1fNdKYbGzrXDsC+6v4hmqAA==
