# THIS IS AN AUTOGENERATED FILE. DO NOT EDIT THIS FILE DIRECTLY.
# yarn lockfile v1


react-native-geolocation-service@^5.0.0:
  version "5.0.0"
  resolved "https://registry.yarnpkg.com/react-native-geolocation-service/-/react-native-geolocation-service-5.0.0.tgz#eaf0541c99db9cbed5af5e2ad2822d166e3a7543"
  integrity sha512-y0uTtt/wT78i/7QestJJrZea9ZoYOzCP4fBgGbINWXU4f+OV3D8ndH7+nEOtnDKDhQc6YtJUeV7VqNxRI+hwBQ==
